
Microsoft Visual Studio Solution File, Format Version 12.00
# Visual Studio Version 17
VisualStudioVersion = 17.0.32112.339
MinimumVisualStudioVersion = 10.0.40219.1
Project("{9A19103F-16F7-4668-BE54-9A1E7A4F7556}") = "DiscoverMoviesProduction", "DiscoverMovies\DiscoverMoviesProduction.csproj", "{E2A49117-5C98-4EBB-9F79-764FEEAD55FF}"
EndProject
Project("{9A19103F-16F7-4668-BE54-9A1E7A4F7556}") = "DiscoverMoviesProduction.NUnit", "DiscoverMoviesProduction.NUnit\DiscoverMoviesProduction.NUnit.csproj", "{0FB9ABD3-154B-4636-A0BC-8E7FA54CD41F}"
	ProjectSection(ProjectDependencies) = postProject
		{E2A49117-5C98-4EBB-9F79-764FEEAD55FF} = {E2A49117-5C98-4EBB-9F79-764FEEAD55FF}
	EndProjectSection
EndProject
Project("{9A19103F-16F7-4668-BE54-9A1E7A4F7556}") = "Acquire", "Acquire\Acquire.csproj", "{D408D31B-7E8C-46D7-A6E5-DB641A5235B2}"
EndProject
Global
	GlobalSection(SolutionConfigurationPlatforms) = preSolution
		Debug|Any CPU = Debug|Any CPU
		Release|Any CPU = Release|Any CPU
	EndGlobalSection
	GlobalSection(ProjectConfigurationPlatforms) = postSolution
		{E2A49117-5C98-4EBB-9F79-764FEEAD55FF}.Debug|Any CPU.ActiveCfg = Debug|Any CPU
		{E2A49117-5C98-4EBB-9F79-764FEEAD55FF}.Debug|Any CPU.Build.0 = Debug|Any CPU
		{E2A49117-5C98-4EBB-9F79-764FEEAD55FF}.Release|Any CPU.ActiveCfg = Release|Any CPU
		{E2A49117-5C98-4EBB-9F79-764FEEAD55FF}.Release|Any CPU.Build.0 = Release|Any CPU
		{0FB9ABD3-154B-4636-A0BC-8E7FA54CD41F}.Debug|Any CPU.ActiveCfg = Debug|Any CPU
		{0FB9ABD3-154B-4636-A0BC-8E7FA54CD41F}.Debug|Any CPU.Build.0 = Debug|Any CPU
		{0FB9ABD3-154B-4636-A0BC-8E7FA54CD41F}.Release|Any CPU.ActiveCfg = Release|Any CPU
		{0FB9ABD3-154B-4636-A0BC-8E7FA54CD41F}.Release|Any CPU.Build.0 = Release|Any CPU
		{D408D31B-7E8C-46D7-A6E5-DB641A5235B2}.Debug|Any CPU.ActiveCfg = Debug|Any CPU
		{D408D31B-7E8C-46D7-A6E5-DB641A5235B2}.Debug|Any CPU.Build.0 = Debug|Any CPU
		{D408D31B-7E8C-46D7-A6E5-DB641A5235B2}.Release|Any CPU.ActiveCfg = Release|Any CPU
		{D408D31B-7E8C-46D7-A6E5-DB641A5235B2}.Release|Any CPU.Build.0 = Release|Any CPU
	EndGlobalSection
	GlobalSection(SolutionProperties) = preSolution
		HideSolutionNode = FALSE
	EndGlobalSection
	GlobalSection(ExtensibilityGlobals) = postSolution
		SolutionGuid = {514FEAC4-FD3E-491C-8797-6D98BAE3BD6B}
	EndGlobalSection
EndGlobal
