
Microsoft Visual Studio Solution File, Format Version 12.00
# Visual Studio Version 17
VisualStudioVersion = 17.0.32112.339
MinimumVisualStudioVersion = 10.0.40219.1
Project("{9A19103F-16F7-4668-BE54-9A1E7A4F7556}") = "WebAPIClient", "WebAPIClient.csproj", "{4F4C2D5E-8EBD-4743-817A-6D58AC6FC754}"
EndProject
Global
	GlobalSection(SolutionConfigurationPlatforms) = preSolution
		Debug|Any CPU = Debug|Any CPU
		Release|Any CPU = Release|Any CPU
	EndGlobalSection
	GlobalSection(ProjectConfigurationPlatforms) = postSolution
		{4F4C2D5E-8EBD-4743-817A-6D58AC6FC754}.Debug|Any CPU.ActiveCfg = Debug|Any CPU
		{4F4C2D5E-8EBD-4743-817A-6D58AC6FC754}.Debug|Any CPU.Build.0 = Debug|Any CPU
		{4F4C2D5E-8EBD-4743-817A-6D58AC6FC754}.Release|Any CPU.ActiveCfg = Release|Any CPU
		{4F4C2D5E-8EBD-4743-817A-6D58AC6FC754}.Release|Any CPU.Build.0 = Release|Any CPU
	EndGlobalSection
	GlobalSection(SolutionProperties) = preSolution
		HideSolutionNode = FALSE
	EndGlobalSection
	GlobalSection(ExtensibilityGlobals) = postSolution
		SolutionGuid = {5B9ED4B4-D1DA-42E4-93AA-26BEFD71E7A4}
	EndGlobalSection
EndGlobal
