
Microsoft Visual Studio Solution File, Format Version 12.00
# Visual Studio Version 17
VisualStudioVersion = 17.0.32112.339
MinimumVisualStudioVersion = 10.0.40219.1
Project("{FAE04EC0-301F-11D3-BF4B-00C04F79EFBC}") = "ASP Web Bootstrap", "ASP Web Bootstrap.csproj", "{AE1767E3-E41E-4374-9DBF-47D9DC2CA0A6}"
EndProject
Global
	GlobalSection(SolutionConfigurationPlatforms) = preSolution
		Debug|Any CPU = Debug|Any CPU
		Release|Any CPU = Release|Any CPU
	EndGlobalSection
	GlobalSection(ProjectConfigurationPlatforms) = postSolution
		{AE1767E3-E41E-4374-9DBF-47D9DC2CA0A6}.Debug|Any CPU.ActiveCfg = Debug|Any CPU
		{AE1767E3-E41E-4374-9DBF-47D9DC2CA0A6}.Debug|Any CPU.Build.0 = Debug|Any CPU
		{AE1767E3-E41E-4374-9DBF-47D9DC2CA0A6}.Release|Any CPU.ActiveCfg = Release|Any CPU
		{AE1767E3-E41E-4374-9DBF-47D9DC2CA0A6}.Release|Any CPU.Build.0 = Release|Any CPU
	EndGlobalSection
	GlobalSection(SolutionProperties) = preSolution
		HideSolutionNode = FALSE
	EndGlobalSection
	GlobalSection(ExtensibilityGlobals) = postSolution
		SolutionGuid = {514FEAC4-FD3E-491C-8797-6D98BAE3BD6B}
	EndGlobalSection
EndGlobal
